# platform: linux-aarch64
@EXPLICIT
__CONDAFORGE_CHANNEL_URL__/noarch/ca-certificates-2026.7.22-hbd8a1cb_0.conda#0f51e2391ade309db462a55611263e9c
__CONDAFORGE_CHANNEL_URL__/linux-aarch64/ld_impl_linux-aarch64-2.46.1-bootstrap_h5389653_2.conda#ff483ecdd4e63140468f0f759f3f066f
__CONDAFORGE_CHANNEL_URL__/linux-aarch64/libgomp-16.2.0-h8acb6b2_5.conda#9f75d29a595b0b62c9b9299c2561216a
__CONDAFORGE_CHANNEL_URL__/linux-aarch64/_openmp_mutex-4.5-20_gnu.conda#468fd3bb9e1f671d36c2cbc677e56f1d
__CONDAFORGE_CHANNEL_URL__/linux-aarch64/libgcc-16.2.0-h205dda4_5.conda#0b5bcf498a9e65d337bede418c9294b1
__CONDAFORGE_CHANNEL_URL__/linux-aarch64/libffi-3.4.6-he21f813_1.conda#15a131f30cae36e9a655ca81fee9a285
__CONDAFORGE_CHANNEL_URL__/linux-aarch64/libgcc-ng-16.2.0-he9431aa_5.conda#1d699b7b193bc2567e607e34419801d9
__CONDAFORGE_CHANNEL_URL__/linux-aarch64/liblzma-5.8.3-he30d5cf_1.conda#e0e6411a60d00186eec7c73f4118ab67
__CONDAFORGE_CHANNEL_URL__/linux-aarch64/libstdcxx-16.2.0-hef695bb_5.conda#17d44d3c9198f3bd108cd24a87e0d75f
__CONDAFORGE_CHANNEL_URL__/linux-aarch64/ncurses-6.6-h2b6f883_1.conda#c3b4349171ca987ff33a1de61f7b3f96
__CONDAFORGE_CHANNEL_URL__/linux-aarch64/liblzma-devel-5.8.3-he30d5cf_1.conda#ab7c85535f5924315a7528efeb2011a0
__CONDAFORGE_CHANNEL_URL__/linux-aarch64/libstdcxx-ng-16.2.0-hdbbeba8_5.conda#dbf49913270f17a3613b37344d991ca8
__CONDAFORGE_CHANNEL_URL__/linux-aarch64/libzlib-1.2.13-h68df207_6.conda#d69c6550eaf76e8e385f75e5ed60aed9
__CONDAFORGE_CHANNEL_URL__/linux-aarch64/openssl-1.1.1w-h31becfc_0.conda#b52ba9c089558dcf128322b0567f9946
__CONDAFORGE_CHANNEL_URL__/linux-aarch64/readline-8.3-ha7194a6_1.conda#5b399a7afa10098f2a6b02263181426e
__CONDAFORGE_CHANNEL_URL__/linux-aarch64/xz-gpl-tools-5.8.3-hd704e39_1.conda#6543af33661ff21061b6db52c84a86fa
__CONDAFORGE_CHANNEL_URL__/linux-aarch64/xz-tools-5.8.3-he30d5cf_1.conda#7c211f37ed725871ce3043090d5addd8
__CONDAFORGE_CHANNEL_URL__/linux-aarch64/libsqlite-3.46.0-hf51ef55_0.conda#a8ae63fd6fb7d007f74ef3df95e5edf3
__CONDAFORGE_CHANNEL_URL__/linux-aarch64/tk-8.6.13-h194ca79_0.conda#f75105e0585851f818e0009dd1dde4dc
__CONDAFORGE_CHANNEL_URL__/linux-aarch64/xz-5.8.3-hd704e39_1.conda#96a51f4137a543fd14fe96e1e560a5ac
__CONDAFORGE_CHANNEL_URL__/linux-aarch64/zlib-1.2.13-h68df207_6.conda#11012f81be8e7dae8495df7ec17c0cc5
__CONDAFORGE_CHANNEL_URL__/linux-aarch64/sqlite-3.46.0-hdc7ab3c_0.conda#e0e3a71d3b7092af7cb9e0696f6d0869
__CONDAFORGE_CHANNEL_URL__/linux-aarch64/python-3.6.13-h30375ac_2_cpython.tar.bz2#628b6c13687384dd75b99615988c16da
__CONDAFORGE_CHANNEL_URL__/linux-aarch64/python_abi-3.6-2_cp36m.tar.bz2#480ffee7d88837d2fc6e05c9c3b13324
__CONDAFORGE_CHANNEL_URL__/noarch/wheel-0.37.1-pyhd8ed1ab_0.tar.bz2#1ca02aaf78d9c70d9a81a3bed5752022
__CONDAFORGE_CHANNEL_URL__/linux-aarch64/setuptools-58.0.4-py36h704843e_2.tar.bz2#8506fc184b6ffcbcd34bc5ccca759cac
__CONDAFORGE_CHANNEL_URL__/noarch/pip-21.2.2-pyhd8ed1ab_0.tar.bz2#9c8a53998492d33fdcfcbbd9c2f037b2
